%{"bunt": {:hex, :bunt, "0.2.0", "951c6e801e8b1d2cbe58ebbd3e616a869061ddadcc4863d0a2182541acae9a38", [], [], "hexpm"},
  "credo": {:hex, :credo, "0.8.6", "335f723772d35da499b5ebfdaf6b426bfb73590b6fcbc8908d476b75f8cbca3f", [], [{:bunt, "~> 0.2.0", [hex: :bunt, repo: "hexpm", optional: false]}], "hexpm"},
  "csv": {:hex, :csv, "2.0.0", "c66fea89ba7862b94901baf0871285e9b73cad89c5fdb57a6386d2adcf29593e", [], [{:parallel_stream, "~> 1.0.4", [hex: :parallel_stream, repo: "hexpm", optional: false]}], "hexpm"},
  "elixir_make": {:hex, :elixir_make, "0.4.0", "992f38fabe705bb45821a728f20914c554b276838433349d4f2341f7a687cddf", [], [], "hexpm"},
  "nerves_uart": {:hex, :nerves_uart, "0.1.2", "4310dbb1721a5a007b8e5c416cf81754415bde6b7e2c9aa65a059886b85e637c", [], [{:elixir_make, "~> 0.4", [hex: :elixir_make, repo: "hexpm", optional: false]}], "hexpm"},
  "parallel_stream": {:hex, :parallel_stream, "1.0.5", "4c78d3e675f9eff885cbe252c89a8fc1d2fb803c0d03a914281e587834e09431", [], [], "hexpm"}}
